name: Generate Lock File
on:
  workflow_dispatch:

jobs:
  lock:
    runs-on: ubuntu-latest
    permissions:
      contents: write
    steps:
      - uses: actions/checkout@v4
      - uses: astral-sh/setup-uv@v6
      - name: Generate uv.lock
        run: uv lock
      - name: Commit uv.lock
        run: |
          git config user.name "github-actions[bot]"
          git config user.email "github-actions[bot]@users.noreply.github.com"
          git add uv.lock
          git commit -m "chore: generate uv.lock" || echo "No changes"
          git push
